
Microsoft Visual Studio Solution File, Format Version 11.00
# Visual Studio 2010
Project("{FAE04EC0-301F-11D3-BF4B-00C04F79EFBC}") = "GeorgeQuintas", "GeorgeQuintas\GeorgeQuintas.csproj", "{061D0D14-A15B-4163-AC70-1EB2BC26F810}"
EndProject
Global
	GlobalSection(SolutionConfigurationPlatforms) = preSolution
		Debug|x86 = Debug|x86
		Release|x86 = Release|x86
	EndGlobalSection
	GlobalSection(ProjectConfigurationPlatforms) = postSolution
		{061D0D14-A15B-4163-AC70-1EB2BC26F810}.Debug|x86.ActiveCfg = Debug|x86
		{061D0D14-A15B-4163-AC70-1EB2BC26F810}.Debug|x86.Build.0 = Debug|x86
		{061D0D14-A15B-4163-AC70-1EB2BC26F810}.Release|x86.ActiveCfg = Release|x86
		{061D0D14-A15B-4163-AC70-1EB2BC26F810}.Release|x86.Build.0 = Release|x86
	EndGlobalSection
	GlobalSection(SolutionProperties) = preSolution
		HideSolutionNode = FALSE
	EndGlobalSection
EndGlobal
